
Microsoft Visual Studio Solution File, Format Version 12.00
# Visual Studio Version 17
VisualStudioVersion = 17.10.35013.160
MinimumVisualStudioVersion = 10.0.40219.1
Project("{FAE04EC0-301F-11D3-BF4B-00C04F79EFBC}") = "Item_7", "Item_7.csproj", "{CEACA5BC-15A0-409D-BC6C-A692FB801A52}"
EndProject
Global
	GlobalSection(SolutionConfigurationPlatforms) = preSolution
		Debug|Any CPU = Debug|Any CPU
		Release|Any CPU = Release|Any CPU
	EndGlobalSection
	GlobalSection(ProjectConfigurationPlatforms) = postSolution
		{CEACA5BC-15A0-409D-BC6C-A692FB801A52}.Debug|Any CPU.ActiveCfg = Debug|Any CPU
		{CEACA5BC-15A0-409D-BC6C-A692FB801A52}.Debug|Any CPU.Build.0 = Debug|Any CPU
		{CEACA5BC-15A0-409D-BC6C-A692FB801A52}.Release|Any CPU.ActiveCfg = Release|Any CPU
		{CEACA5BC-15A0-409D-BC6C-A692FB801A52}.Release|Any CPU.Build.0 = Release|Any CPU
	EndGlobalSection
	GlobalSection(SolutionProperties) = preSolution
		HideSolutionNode = FALSE
	EndGlobalSection
	GlobalSection(ExtensibilityGlobals) = postSolution
		SolutionGuid = {35B5FFF4-293B-46DC-A384-49CE440EE629}
	EndGlobalSection
EndGlobal
