
Microsoft Visual Studio Solution File, Format Version 12.00
# Visual Studio Version 17
VisualStudioVersion = 17.10.35013.160
MinimumVisualStudioVersion = 10.0.40219.1
Project("{FAE04EC0-301F-11D3-BF4B-00C04F79EFBC}") = "Item_10", "Item_10.csproj", "{932E7B05-AE85-4BD8-A259-608EFC21650E}"
EndProject
Global
	GlobalSection(SolutionConfigurationPlatforms) = preSolution
		Debug|Any CPU = Debug|Any CPU
		Release|Any CPU = Release|Any CPU
	EndGlobalSection
	GlobalSection(ProjectConfigurationPlatforms) = postSolution
		{932E7B05-AE85-4BD8-A259-608EFC21650E}.Debug|Any CPU.ActiveCfg = Debug|Any CPU
		{932E7B05-AE85-4BD8-A259-608EFC21650E}.Debug|Any CPU.Build.0 = Debug|Any CPU
		{932E7B05-AE85-4BD8-A259-608EFC21650E}.Release|Any CPU.ActiveCfg = Release|Any CPU
		{932E7B05-AE85-4BD8-A259-608EFC21650E}.Release|Any CPU.Build.0 = Release|Any CPU
	EndGlobalSection
	GlobalSection(SolutionProperties) = preSolution
		HideSolutionNode = FALSE
	EndGlobalSection
	GlobalSection(ExtensibilityGlobals) = postSolution
		SolutionGuid = {45C5163F-4FDE-411A-BF14-F5FFA140A7FD}
	EndGlobalSection
EndGlobal
