
Microsoft Visual Studio Solution File, Format Version 12.00
# Visual Studio Version 17
VisualStudioVersion = 17.10.35013.160
MinimumVisualStudioVersion = 10.0.40219.1
Project("{FAE04EC0-301F-11D3-BF4B-00C04F79EFBC}") = "Numberguess", "Numberguess.csproj", "{229CB883-2504-4CD5-B7B2-1264D45BB4DD}"
EndProject
Global
	GlobalSection(SolutionConfigurationPlatforms) = preSolution
		Debug|Any CPU = Debug|Any CPU
		Release|Any CPU = Release|Any CPU
	EndGlobalSection
	GlobalSection(ProjectConfigurationPlatforms) = postSolution
		{229CB883-2504-4CD5-B7B2-1264D45BB4DD}.Debug|Any CPU.ActiveCfg = Debug|Any CPU
		{229CB883-2504-4CD5-B7B2-1264D45BB4DD}.Debug|Any CPU.Build.0 = Debug|Any CPU
		{229CB883-2504-4CD5-B7B2-1264D45BB4DD}.Release|Any CPU.ActiveCfg = Release|Any CPU
		{229CB883-2504-4CD5-B7B2-1264D45BB4DD}.Release|Any CPU.Build.0 = Release|Any CPU
	EndGlobalSection
	GlobalSection(SolutionProperties) = preSolution
		HideSolutionNode = FALSE
	EndGlobalSection
	GlobalSection(ExtensibilityGlobals) = postSolution
		SolutionGuid = {2DCE5DB4-3378-4C07-96DA-959F8C92CBC0}
	EndGlobalSection
EndGlobal
