
Microsoft Visual Studio Solution File, Format Version 12.00
# Visual Studio Version 17
VisualStudioVersion = 17.10.35013.160
MinimumVisualStudioVersion = 10.0.40219.1
Project("{FAE04EC0-301F-11D3-BF4B-00C04F79EFBC}") = "item4", "item4.csproj", "{8B87821D-67AF-411F-8F21-24ED0C2A248E}"
EndProject
Global
	GlobalSection(SolutionConfigurationPlatforms) = preSolution
		Debug|Any CPU = Debug|Any CPU
		Release|Any CPU = Release|Any CPU
	EndGlobalSection
	GlobalSection(ProjectConfigurationPlatforms) = postSolution
		{8B87821D-67AF-411F-8F21-24ED0C2A248E}.Debug|Any CPU.ActiveCfg = Debug|Any CPU
		{8B87821D-67AF-411F-8F21-24ED0C2A248E}.Debug|Any CPU.Build.0 = Debug|Any CPU
		{8B87821D-67AF-411F-8F21-24ED0C2A248E}.Release|Any CPU.ActiveCfg = Release|Any CPU
		{8B87821D-67AF-411F-8F21-24ED0C2A248E}.Release|Any CPU.Build.0 = Release|Any CPU
	EndGlobalSection
	GlobalSection(SolutionProperties) = preSolution
		HideSolutionNode = FALSE
	EndGlobalSection
	GlobalSection(ExtensibilityGlobals) = postSolution
		SolutionGuid = {338DD012-7B18-4A3E-99DB-4D0E353AC34B}
	EndGlobalSection
EndGlobal
